PODS:
  - cloud_firestore (4.9.3):
    - Firebase/Firestore (= 10.15.0)
    - firebase_core
    - Flutter
    - nanopb (< 2.30910.0, >= 2.30908.0)
  - Firebase/CoreOnly (10.15.0):
    - FirebaseCore (= 10.15.0)
  - Firebase/Database (10.15.0):
    - Firebase/CoreOnly
    - FirebaseDatabase (~> 10.15.0)
  - Firebase/Firestore (10.15.0):
    - Firebase/CoreOnly
    - FirebaseFirestore (~> 10.15.0)
  - firebase_core (2.17.0):
    - Firebase/CoreOnly (= 10.15.0)
    - Flutter
  - firebase_database (10.2.7):
    - Firebase/Database (= 10.15.0)
    - firebase_core
    - Flutter
  - FirebaseCore (10.15.0):
    - FirebaseCoreInternal (~> 10.0)
    - GoogleUtilities/Environment (~> 7.8)
    - GoogleUtilities/Logger (~> 7.8)
  - FirebaseCoreInternal (10.16.0):
    - "GoogleUtilities/NSData+zlib (~> 7.8)"
  - FirebaseDatabase (10.15.0):
    - FirebaseCore (~> 10.0)
    - leveldb-library (~> 1.22)
  - FirebaseFirestore (10.15.0):
    - FirebaseFirestore/AutodetectLeveldb (= 10.15.0)
  - FirebaseFirestore/AutodetectLeveldb (10.15.0):
    - FirebaseFirestore/Base
  - FirebaseFirestore/Base (10.15.0)
  - FirebaseFirestore/WithLeveldb (10.15.0):
    - FirebaseFirestore/Base
  - Flutter (1.0.0)
  - GoogleUtilities/Environment (7.11.5):
    - PromisesObjC (< 3.0, >= 1.2)
  - GoogleUtilities/Logger (7.11.5):
    - GoogleUtilities/Environment
  - "GoogleUtilities/NSData+zlib (7.11.5)"
  - integration_test (0.0.1):
    - Flutter
  - leveldb-library (1.22.2)
  - nanopb (2.30909.0):
    - nanopb/decode (= 2.30909.0)
    - nanopb/encode (= 2.30909.0)
  - nanopb/decode (2.30909.0)
  - nanopb/encode (2.30909.0)
  - package_info_plus (0.4.5):
    - Flutter
  - path_provider_foundation (0.0.1):
    - Flutter
    - FlutterMacOS
  - PromisesObjC (2.3.1)
  - Sentry/HybridSDK (8.11.0):
    - SentryPrivate (= 8.11.0)
  - sentry_flutter (0.0.1):
    - Flutter
    - FlutterMacOS
    - Sentry/HybridSDK (= 8.11.0)
  - SentryPrivate (8.11.0)
  - url_launcher_ios (0.0.1):
    - Flutter

DEPENDENCIES:
  - cloud_firestore (from `.symlinks/plugins/cloud_firestore/ios`)
  - firebase_core (from `.symlinks/plugins/firebase_core/ios`)
  - firebase_database (from `.symlinks/plugins/firebase_database/ios`)
  - FirebaseFirestore/WithLeveldb (from `https://github.com/invertase/firestore-ios-sdk-frameworks.git`, tag `10.15.0`)
  - Flutter (from `Flutter`)
  - integration_test (from `.symlinks/plugins/integration_test/ios`)
  - package_info_plus (from `.symlinks/plugins/package_info_plus/ios`)
  - path_provider_foundation (from `.symlinks/plugins/path_provider_foundation/darwin`)
  - sentry_flutter (from `.symlinks/plugins/sentry_flutter/ios`)
  - url_launcher_ios (from `.symlinks/plugins/url_launcher_ios/ios`)

SPEC REPOS:
  trunk:
    - Firebase
    - FirebaseCore
    - FirebaseCoreInternal
    - FirebaseDatabase
    - GoogleUtilities
    - leveldb-library
    - nanopb
    - PromisesObjC
    - Sentry
    - SentryPrivate

EXTERNAL SOURCES:
  cloud_firestore:
    :path: ".symlinks/plugins/cloud_firestore/ios"
  firebase_core:
    :path: ".symlinks/plugins/firebase_core/ios"
  firebase_database:
    :path: ".symlinks/plugins/firebase_database/ios"
  FirebaseFirestore:
    :git: https://github.com/invertase/firestore-ios-sdk-frameworks.git
    :tag: 10.15.0
  Flutter:
    :path: Flutter
  integration_test:
    :path: ".symlinks/plugins/integration_test/ios"
  package_info_plus:
    :path: ".symlinks/plugins/package_info_plus/ios"
  path_provider_foundation:
    :path: ".symlinks/plugins/path_provider_foundation/darwin"
  sentry_flutter:
    :path: ".symlinks/plugins/sentry_flutter/ios"
  url_launcher_ios:
    :path: ".symlinks/plugins/url_launcher_ios/ios"

CHECKOUT OPTIONS:
  FirebaseFirestore:
    :git: https://github.com/invertase/firestore-ios-sdk-frameworks.git
    :tag: 10.15.0

SPEC CHECKSUMS:
  cloud_firestore: 9c9fb3500360c9b338e9eb2fec40b38e7a004cac
  Firebase: 66043bd4579e5b73811f96829c694c7af8d67435
  firebase_core: 28e84c2a4fcf6a50ef83f47b145ded8c1fa331e4
  firebase_database: 1af9fdbaef52dd3be040be031db086cd2b450133
  FirebaseCore: 2cec518b43635f96afe7ac3a9c513e47558abd2e
  FirebaseCoreInternal: 26233f705cc4531236818a07ac84d20c333e505a
  FirebaseDatabase: f93f1481c7e9e3d77af960cdff82a408d37693e6
  FirebaseFirestore: 321eba9ddc0d8505ae3da5cd0d6c04cc839c39d7
  Flutter: f04841e97a9d0b0a8025694d0796dd46242b2854
  GoogleUtilities: 13e2c67ede716b8741c7989e26893d151b2b2084
  integration_test: 13825b8a9334a850581300559b8839134b124670
  leveldb-library: f03246171cce0484482ec291f88b6d563699ee06
  nanopb: b552cce312b6c8484180ef47159bc0f65a1f0431
  package_info_plus: fd030dabf36271f146f1f3beacd48f564b0f17f7
  path_provider_foundation: 29f094ae23ebbca9d3d0cec13889cd9060c0e943
  PromisesObjC: c50d2056b5253dadbd6c2bea79b0674bd5a52fa4
  Sentry: 39d57e691e311bdb73bc1ab5bbebbd6bc890050d
  sentry_flutter: b2feefdad5b0f06602347172bc7257e8e9da5562
  SentryPrivate: 48712023cdfd523735c2edb6b06bedf26c4730a3
  url_launcher_ios: 08a3dfac5fb39e8759aeb0abbd5d9480f30fc8b4

PODFILE CHECKSUM: 6fa0a95b644d7c1fb1ce86d7eb87df3c72d1592d

COCOAPODS: 1.14.3
